github.com/ebitengine/purego v0.11.0 h1:jhp/D+Nyv7UUW8HAcmcjt2N2rYrYi9m3SL21k0Ua/NI=
github.com/ebitengine/purego v0.11.0/go.mod h1:DCHPP08djqhNSoTfImcnHYQRZmd0qhakvrozqaEYhGQ=
github.com/fxamacker/cbor/v2 v2.9.3 h1:oQBnFATpNdY8gJHTndDDv5Xl4QqNaz51G5LLEPhng3Q=
github.com/fxamacker/cbor/v2 v2.9.3/go.mod h1:vM4b+DJCtHn+zz7h3FFp/hDAI9WNWCsZj23V5ytsSxQ=
github.com/go-authn/fido v0.5.0 h1:8a9egNACJPcGPOcMRLawkk9dUHawhJOP4kSI5dzqw4s=
github.com/go-authn/fido v0.5.0/go.mod h1:LaEepE2Inuw1kNEc0CgGt93VGVKjtyRXBMZfyEclKP8=
github.com/go-macos/iokit v0.12.0 h1:rQ4Kcq94sZwzVwVRNc/vocMLxduTCJLQ04BrmkH+Yxc=
github.com/go-macos/iokit v0.12.0/go.mod h1:wH6UchjE6k8iCtouJcF+WggCgFpn9GQtzBpQtEcCLUY=
github.com/x448/float16 v0.8.4 h1:qLwI1I70+NjRFUR3zs1JPUCgaCXSh3SW62uAKT1mSBM=
github.com/x448/float16 v0.8.4/go.mod h1:14CWIYCyZA/cWjXOioeEpHeN/83MdbZDRQHoFcYsOfg=
